<?xml version="1.0" encoding="utf-8"?>
<Project ToolsVersion="4.0" xmlns="http://schemas.microsoft.com/developer/msbuild/2003">
  <ItemGroup>
    <Filter Include="源文件">
      <UniqueIdentifier>{4FC737F1-C7A5-4376-A066-2A32D752A2FF}</UniqueIdentifier>
      <Extensions>cpp;c;cc;cxx;def;odl;idl;hpj;bat;asm;asmx</Extensions>
    </Filter>
    <Filter Include="头文件">
      <UniqueIdentifier>{93995380-89BD-4b04-88EB-625FBE52EBFB}</UniqueIdentifier>
      <Extensions>h;hh;hpp;hxx;hm;inl;inc;ipp;xsd</Extensions>
    </Filter>
    <Filter Include="资源文件">
      <UniqueIdentifier>{67DA6AB6-F800-4c08-8B7A-83BB121AAD01}</UniqueIdentifier>
      <Extensions>rc;ico;cur;bmp;dlg;rc2;rct;bin;rgs;gif;jpg;jpeg;jpe;resx;tiff;tif;png;wav;mfcribbon-ms</Extensions>
    </Filter>
  </ItemGroup>
  <ItemGroup>
    <ClCompile Include="Main.cpp">
      <Filter>源文件</Filter>
    </ClCompile>
    <ClCompile Include="1_Window.cpp">
      <Filter>源文件</Filter>
    </ClCompile>
    <ClCompile Include="2_Triangle.cpp">
      <Filter>源文件</Filter>
    </ClCompile>
    <ClCompile Include="2_Triangle_t1.cpp">
      <Filter>源文件</Filter>
    </ClCompile>
    <ClCompile Include="2_Triangle_t1_1.cpp">
      <Filter>源文件</Filter>
    </ClCompile>
    <ClCompile Include="2_Triangle_t2.cpp">
      <Filter>源文件</Filter>
    </ClCompile>
    <ClCompile Include="2_Triangle_t3.cpp">
      <Filter>源文件</Filter>
    </ClCompile>
    <ClCompile Include="3_Shader.cpp">
      <Filter>源文件</Filter>
    </ClCompile>
    <ClCompile Include="3_Shader_t1.cpp">
      <Filter>源文件</Filter>
    </ClCompile>
    <ClCompile Include="Shader.cpp">
      <Filter>源文件</Filter>
    </ClCompile>
    <ClCompile Include="3_Shader_t2.cpp">
      <Filter>源文件</Filter>
    </ClCompile>
    <ClCompile Include="4_Texture.cpp">
      <Filter>源文件</Filter>
    </ClCompile>
    <ClCompile Include="4_Texture_t2.cpp">
      <Filter>源文件</Filter>
    </ClCompile>
    <ClCompile Include="4_Texture_t3.cpp">
      <Filter>源文件</Filter>
    </ClCompile>
    <ClCompile Include="4_Texture_t4.cpp">
      <Filter>源文件</Filter>
    </ClCompile>
    <ClCompile Include="5_Transformation.cpp">
      <Filter>源文件</Filter>
    </ClCompile>
    <ClCompile Include="5_Transformation_t2.cpp">
      <Filter>源文件</Filter>
    </ClCompile>
    <ClCompile Include="6_CoordinateSystem.cpp">
      <Filter>源文件</Filter>
    </ClCompile>
    <ClCompile Include="6_CoordinateSystem_Cube.cpp">
      <Filter>源文件</Filter>
    </ClCompile>
    <ClCompile Include="6_CoordinateSystem_Cube_More.cpp">
      <Filter>源文件</Filter>
    </ClCompile>
    <ClCompile Include="7_Camera.cpp">
      <Filter>源文件</Filter>
    </ClCompile>
    <ClCompile Include="9_Color.cpp">
      <Filter>源文件</Filter>
    </ClCompile>
    <ClCompile Include="10_LightBase.cpp">
      <Filter>源文件</Filter>
    </ClCompile>
    <ClCompile Include="11_Material.cpp">
      <Filter>源文件</Filter>
    </ClCompile>
    <ClCompile Include="12_LightTexture.cpp">
      <Filter>源文件</Filter>
    </ClCompile>
    <ClCompile Include="12_LightTexture_t4.cpp">
      <Filter>源文件</Filter>
    </ClCompile>
    <ClCompile Include="13_ThrowLight.cpp">
      <Filter>源文件</Filter>
    </ClCompile>
    <ClCompile Include="14_MoreLight.cpp">
      <Filter>源文件</Filter>
    </ClCompile>
    <ClCompile Include="15_Model.cpp">
      <Filter>源文件</Filter>
    </ClCompile>
    <ClCompile Include="16_Blending.cpp">
      <Filter>源文件</Filter>
    </ClCompile>
    <ClCompile Include="16_Blending2.cpp">
      <Filter>源文件</Filter>
    </ClCompile>
    <ClCompile Include="17_Framebuffer.cpp">
      <Filter>源文件</Filter>
    </ClCompile>
    <ClCompile Include="18_Cubemap.cpp">
      <Filter>源文件</Filter>
    </ClCompile>
    <ClCompile Include="18_Cubemap2.cpp">
      <Filter>源文件</Filter>
    </ClCompile>
    <ClCompile Include="22_Instancing.cpp">
      <Filter>源文件</Filter>
    </ClCompile>
    <ClCompile Include="22_Instancing2.cpp">
      <Filter>源文件</Filter>
    </ClCompile>
    <ClCompile Include="22_Instancing3.cpp">
      <Filter>源文件</Filter>
    </ClCompile>
    <ClCompile Include="23_AntiAliasing.cpp">
      <Filter>源文件</Filter>
    </ClCompile>
    <ClCompile Include="24_AdvancedLighting.cpp">
      <Filter>源文件</Filter>
    </ClCompile>
    <ClCompile Include="25_ShadowMappingDepth.cpp">
      <Filter>源文件</Filter>
    </ClCompile>
    <ClCompile Include="25_ShadowMapping.cpp">
      <Filter>源文件</Filter>
    </ClCompile>
    <ClCompile Include="26_PointShadow.cpp">
      <Filter>源文件</Filter>
    </ClCompile>
    <ClCompile Include="26_PointShadowTest.cpp">
      <Filter>源文件</Filter>
    </ClCompile>
    <ClCompile Include="27_NormalMap.cpp">
      <Filter>源文件</Filter>
    </ClCompile>
    <ClCompile Include="29_HDR.cpp">
      <Filter>源文件</Filter>
    </ClCompile>
    <ClCompile Include="28_ParallaxMapping.cpp">
      <Filter>源文件</Filter>
    </ClCompile>
    <ClCompile Include="30_Bloom.cpp">
      <Filter>源文件</Filter>
    </ClCompile>
    <ClCompile Include="TextRender.cpp">
      <Filter>源文件</Filter>
    </ClCompile>
  </ItemGroup>
  <ItemGroup>
    <ClInclude Include="Shader.h">
      <Filter>头文件</Filter>
    </ClInclude>
    <ClInclude Include="Camera.h">
      <Filter>头文件</Filter>
    </ClInclude>
    <ClInclude Include="Mesh.h">
      <Filter>头文件</Filter>
    </ClInclude>
    <ClInclude Include="Model.h">
      <Filter>头文件</Filter>
    </ClInclude>
  </ItemGroup>
</Project>